
Microsoft Visual Studio Solution File, Format Version 12.00
# Visual Studio Version 16
VisualStudioVersion = 16.0.31729.503
MinimumVisualStudioVersion = 10.0.40219.1
Project("{FAE04EC0-301F-11D3-BF4B-00C04F79EFBC}") = "Recipes.WebApi", "Recipes.WebApi.csproj", "{8195016E-1F05-47A0-A1EA-A7EB78F697DD}"
EndProject
Global
	GlobalSection(SolutionConfigurationPlatforms) = preSolution
		Debug|Any CPU = Debug|Any CPU
		Release|Any CPU = Release|Any CPU
	EndGlobalSection
	GlobalSection(ProjectConfigurationPlatforms) = postSolution
		{8195016E-1F05-47A0-A1EA-A7EB78F697DD}.Debug|Any CPU.ActiveCfg = Debug|Any CPU
		{8195016E-1F05-47A0-A1EA-A7EB78F697DD}.Debug|Any CPU.Build.0 = Debug|Any CPU
		{8195016E-1F05-47A0-A1EA-A7EB78F697DD}.Release|Any CPU.ActiveCfg = Release|Any CPU
		{8195016E-1F05-47A0-A1EA-A7EB78F697DD}.Release|Any CPU.Build.0 = Release|Any CPU
	EndGlobalSection
	GlobalSection(SolutionProperties) = preSolution
		HideSolutionNode = FALSE
	EndGlobalSection
	GlobalSection(ExtensibilityGlobals) = postSolution
		SolutionGuid = {A59426BF-06B8-4574-AD70-D60ADAC243FC}
	EndGlobalSection
EndGlobal
