
Microsoft Visual Studio Solution File, Format Version 12.00
# Visual Studio Version 16
VisualStudioVersion = 16.0.31729.503
MinimumVisualStudioVersion = 10.0.40219.1
Project("{FAE04EC0-301F-11D3-BF4B-00C04F79EFBC}") = "Recipes", "Recipes.csproj", "{700BAD2D-9939-4679-A17F-30E7A025D42F}"
EndProject
Global
	GlobalSection(SolutionConfigurationPlatforms) = preSolution
		Debug|Any CPU = Debug|Any CPU
		Release|Any CPU = Release|Any CPU
	EndGlobalSection
	GlobalSection(ProjectConfigurationPlatforms) = postSolution
		{700BAD2D-9939-4679-A17F-30E7A025D42F}.Debug|Any CPU.ActiveCfg = Debug|Any CPU
		{700BAD2D-9939-4679-A17F-30E7A025D42F}.Debug|Any CPU.Build.0 = Debug|Any CPU
		{700BAD2D-9939-4679-A17F-30E7A025D42F}.Release|Any CPU.ActiveCfg = Release|Any CPU
		{700BAD2D-9939-4679-A17F-30E7A025D42F}.Release|Any CPU.Build.0 = Release|Any CPU
	EndGlobalSection
	GlobalSection(SolutionProperties) = preSolution
		HideSolutionNode = FALSE
	EndGlobalSection
	GlobalSection(ExtensibilityGlobals) = postSolution
		SolutionGuid = {5873B43E-45D0-41E0-8003-D00FB2B4CC45}
	EndGlobalSection
EndGlobal
